
Microsoft Visual Studio Solution File, Format Version 12.00
# Visual Studio Version 16
VisualStudioVersion = 16.0.28407.52
MinimumVisualStudioVersion = 10.0.40219.1
Project("{9A19103F-16F7-4668-BE54-9A1E7A4F7556}") = "RGBEdit", "RGBEdit\RGBEdit.csproj", "{916823D8-52A8-44FA-BA30-D981F43EACA2}"
EndProject
Project("{FAE04EC0-301F-11D3-BF4B-00C04F79EFBC}") = "RGBEdit.NET", "RGBEdit.NET\RGBEdit.NET.csproj", "{155EAC6E-53EA-4A47-8681-7306DED92E84}"
EndProject
Project("{8BC9CEB8-8B4A-11D0-8D11-00A0C91BC942}") = "RGBEditNative", "RGBEditNative\RGBEditNative.vcxproj", "{7BDB7F80-672E-4147-A663-10CEA97EC9EA}"
EndProject
Global
	GlobalSection(SolutionConfigurationPlatforms) = preSolution
		Debug|Any CPU = Debug|Any CPU
		Debug|x64 = Debug|x64
		Debug|x86 = Debug|x86
		Release|Any CPU = Release|Any CPU
		Release|x64 = Release|x64
		Release|x86 = Release|x86
	EndGlobalSection
	GlobalSection(ProjectConfigurationPlatforms) = postSolution
		{916823D8-52A8-44FA-BA30-D981F43EACA2}.Debug|Any CPU.ActiveCfg = Debug|Any CPU
		{916823D8-52A8-44FA-BA30-D981F43EACA2}.Debug|Any CPU.Build.0 = Debug|Any CPU
		{916823D8-52A8-44FA-BA30-D981F43EACA2}.Debug|x64.ActiveCfg = Debug|Any CPU
		{916823D8-52A8-44FA-BA30-D981F43EACA2}.Debug|x64.Build.0 = Debug|Any CPU
		{916823D8-52A8-44FA-BA30-D981F43EACA2}.Debug|x86.ActiveCfg = Debug|Any CPU
		{916823D8-52A8-44FA-BA30-D981F43EACA2}.Debug|x86.Build.0 = Debug|Any CPU
		{916823D8-52A8-44FA-BA30-D981F43EACA2}.Release|Any CPU.ActiveCfg = Debug|Any CPU
		{916823D8-52A8-44FA-BA30-D981F43EACA2}.Release|Any CPU.Build.0 = Debug|Any CPU
		{916823D8-52A8-44FA-BA30-D981F43EACA2}.Release|x64.ActiveCfg = Debug|Any CPU
		{916823D8-52A8-44FA-BA30-D981F43EACA2}.Release|x64.Build.0 = Debug|Any CPU
		{916823D8-52A8-44FA-BA30-D981F43EACA2}.Release|x86.ActiveCfg = Debug|Any CPU
		{916823D8-52A8-44FA-BA30-D981F43EACA2}.Release|x86.Build.0 = Debug|Any CPU
		{155EAC6E-53EA-4A47-8681-7306DED92E84}.Debug|Any CPU.ActiveCfg = Debug|Any CPU
		{155EAC6E-53EA-4A47-8681-7306DED92E84}.Debug|Any CPU.Build.0 = Debug|Any CPU
		{155EAC6E-53EA-4A47-8681-7306DED92E84}.Debug|x64.ActiveCfg = Debug|Any CPU
		{155EAC6E-53EA-4A47-8681-7306DED92E84}.Debug|x64.Build.0 = Debug|Any CPU
		{155EAC6E-53EA-4A47-8681-7306DED92E84}.Debug|x86.ActiveCfg = Debug|Any CPU
		{155EAC6E-53EA-4A47-8681-7306DED92E84}.Debug|x86.Build.0 = Debug|Any CPU
		{155EAC6E-53EA-4A47-8681-7306DED92E84}.Release|Any CPU.ActiveCfg = Debug|Any CPU
		{155EAC6E-53EA-4A47-8681-7306DED92E84}.Release|Any CPU.Build.0 = Debug|Any CPU
		{155EAC6E-53EA-4A47-8681-7306DED92E84}.Release|x64.ActiveCfg = Debug|Any CPU
		{155EAC6E-53EA-4A47-8681-7306DED92E84}.Release|x64.Build.0 = Debug|Any CPU
		{155EAC6E-53EA-4A47-8681-7306DED92E84}.Release|x86.ActiveCfg = Debug|Any CPU
		{155EAC6E-53EA-4A47-8681-7306DED92E84}.Release|x86.Build.0 = Debug|Any CPU
		{7BDB7F80-672E-4147-A663-10CEA97EC9EA}.Debug|Any CPU.ActiveCfg = Debug|Win32
		{7BDB7F80-672E-4147-A663-10CEA97EC9EA}.Debug|Any CPU.Build.0 = Debug|Win32
		{7BDB7F80-672E-4147-A663-10CEA97EC9EA}.Debug|x64.ActiveCfg = Debug|Win32
		{7BDB7F80-672E-4147-A663-10CEA97EC9EA}.Debug|x64.Build.0 = Debug|Win32
		{7BDB7F80-672E-4147-A663-10CEA97EC9EA}.Debug|x86.ActiveCfg = Debug|Win32
		{7BDB7F80-672E-4147-A663-10CEA97EC9EA}.Debug|x86.Build.0 = Debug|Win32
		{7BDB7F80-672E-4147-A663-10CEA97EC9EA}.Release|Any CPU.ActiveCfg = Debug|Win32
		{7BDB7F80-672E-4147-A663-10CEA97EC9EA}.Release|Any CPU.Build.0 = Debug|Win32
		{7BDB7F80-672E-4147-A663-10CEA97EC9EA}.Release|x64.ActiveCfg = Debug|Win32
		{7BDB7F80-672E-4147-A663-10CEA97EC9EA}.Release|x64.Build.0 = Debug|Win32
		{7BDB7F80-672E-4147-A663-10CEA97EC9EA}.Release|x86.ActiveCfg = Debug|Win32
		{7BDB7F80-672E-4147-A663-10CEA97EC9EA}.Release|x86.Build.0 = Debug|Win32
	EndGlobalSection
	GlobalSection(SolutionProperties) = preSolution
		HideSolutionNode = FALSE
	EndGlobalSection
	GlobalSection(ExtensibilityGlobals) = postSolution
		SolutionGuid = {32246FD2-216E-428E-AF8D-E114D59E946D}
	EndGlobalSection
EndGlobal
